// !$*UTF8*$!
{
	archiveVersion = 1;
	classes = {
	};
	objectVersion = 56;
	objects = {

/* Begin PBXBuildFile section */
		F523AA4329D1B5F500977D41 /* CustomColors.swift in Sources */ = {isa = PBXBuildFile; fileRef = F523AA4229D1B5F500977D41 /* CustomColors.swift */; };
		F53C888D2A126574009CDF64 /* CalculatorScreen.swift in Sources */ = {isa = PBXBuildFile; fileRef = F53C888C2A126574009CDF64 /* CalculatorScreen.swift */; };
		F5680B9729ECFEF900B292CC /* FoodFiaryScreen.swift in Sources */ = {isa = PBXBuildFile; fileRef = F5680B9629ECFEF900B292CC /* FoodFiaryScreen.swift */; };
		F587140E2A6E4FEC00C8917C /* LoginScreen.swift in Sources */ = {isa = PBXBuildFile; fileRef = F587140D2A6E4FEC00C8917C /* LoginScreen.swift */; };
		F58714102A6E4FF900C8917C /* RegisterScreen.swift in Sources */ = {isa = PBXBuildFile; fileRef = F587140F2A6E4FF900C8917C /* RegisterScreen.swift */; };
		F587141A2A6E510400C8917C /* AppFlowScreen.swift in Sources */ = {isa = PBXBuildFile; fileRef = F58714192A6E510400C8917C /* AppFlowScreen.swift */; };
		F587141C2A6E524800C8917C /* AuthFlowScreen.swift in Sources */ = {isa = PBXBuildFile; fileRef = F587141B2A6E524800C8917C /* AuthFlowScreen.swift */; };
		F587141E2A6E525400C8917C /* MainFlowScreen.swift in Sources */ = {isa = PBXBuildFile; fileRef = F587141D2A6E525400C8917C /* MainFlowScreen.swift */; };
		F58714202A6E5CB200C8917C /* TodoListScreen.swift in Sources */ = {isa = PBXBuildFile; fileRef = F587141F2A6E5CB200C8917C /* TodoListScreen.swift */; };
		F58714222A6E5CC300C8917C /* NewTodoScreen.swift in Sources */ = {isa = PBXBuildFile; fileRef = F58714212A6E5CC300C8917C /* NewTodoScreen.swift */; };
		F58714242A6E5CCC00C8917C /* DateListScreen.swift in Sources */ = {isa = PBXBuildFile; fileRef = F58714232A6E5CCC00C8917C /* DateListScreen.swift */; };
		F58714262A6E5D0000C8917C /* TodayFlowScreen.swift in Sources */ = {isa = PBXBuildFile; fileRef = F58714252A6E5D0000C8917C /* TodayFlowScreen.swift */; };
		F58714282A6E5D1200C8917C /* HistoryFlowScreen.swift in Sources */ = {isa = PBXBuildFile; fileRef = F58714272A6E5D1200C8917C /* HistoryFlowScreen.swift */; };
		F58746BF29C831700059E3AA /* Ubuntu-Regular.ttf in Resources */ = {isa = PBXBuildFile; fileRef = F58746BE29C831700059E3AA /* Ubuntu-Regular.ttf */; };
		F58746C129C83B100059E3AA /* CustomFonts.swift in Sources */ = {isa = PBXBuildFile; fileRef = F58746C029C83B100059E3AA /* CustomFonts.swift */; };
		F58746C329C843430059E3AA /* Ubuntu-Bold.ttf in Resources */ = {isa = PBXBuildFile; fileRef = F58746C229C843430059E3AA /* Ubuntu-Bold.ttf */; };
		F58746C529C848390059E3AA /* Ubuntu-Italic.ttf in Resources */ = {isa = PBXBuildFile; fileRef = F58746C429C848390059E3AA /* Ubuntu-Italic.ttf */; };
		F58746C729C8487E0059E3AA /* Ubuntu-BoldItalic.ttf in Resources */ = {isa = PBXBuildFile; fileRef = F58746C629C8487E0059E3AA /* Ubuntu-BoldItalic.ttf */; };
		F5B76B1D29E3CECF0069CAA5 /* MPLUSRounded1c-Regular.ttf in Resources */ = {isa = PBXBuildFile; fileRef = F5B76B1829E3CEC70069CAA5 /* MPLUSRounded1c-Regular.ttf */; };
		F5B76B1E29E3CECF0069CAA5 /* MPLUSRounded1c-Black.ttf in Resources */ = {isa = PBXBuildFile; fileRef = F5B76B1929E3CEC70069CAA5 /* MPLUSRounded1c-Black.ttf */; };
		F5B76B1F29E3CECF0069CAA5 /* MPLUSRounded1c-ExtraBold.ttf in Resources */ = {isa = PBXBuildFile; fileRef = F5B76B1B29E3CEC80069CAA5 /* MPLUSRounded1c-ExtraBold.ttf */; };
		F5B76B2029E3CECF0069CAA5 /* MPLUSRounded1c-Medium.ttf in Resources */ = {isa = PBXBuildFile; fileRef = F5B76B1C29E3CEC80069CAA5 /* MPLUSRounded1c-Medium.ttf */; };
		F5B76B2129E3CECF0069CAA5 /* MPLUSRounded1c-Thin.ttf in Resources */ = {isa = PBXBuildFile; fileRef = F5B76B1A29E3CEC70069CAA5 /* MPLUSRounded1c-Thin.ttf */; };
		F5B76B2229E3CECF0069CAA5 /* MPLUSRounded1c-Light.ttf in Resources */ = {isa = PBXBuildFile; fileRef = F5B76B1729E3CEC70069CAA5 /* MPLUSRounded1c-Light.ttf */; };
		F5B76B2329E3CECF0069CAA5 /* MPLUSRounded1c-Bold.ttf in Resources */ = {isa = PBXBuildFile; fileRef = F5B76B1629E3CEC70069CAA5 /* MPLUSRounded1c-Bold.ttf */; };
		F5B76B3129E3CF630069CAA5 /* Roboto-Black.ttf in Resources */ = {isa = PBXBuildFile; fileRef = F5B76B2529E3CF620069CAA5 /* Roboto-Black.ttf */; };
		F5B76B3229E3CF630069CAA5 /* Roboto-LightItalic.ttf in Resources */ = {isa = PBXBuildFile; fileRef = F5B76B2629E3CF620069CAA5 /* Roboto-LightItalic.ttf */; };
		F5B76B3329E3CF630069CAA5 /* Roboto-MediumItalic.ttf in Resources */ = {isa = PBXBuildFile; fileRef = F5B76B2729E3CF620069CAA5 /* Roboto-MediumItalic.ttf */; };
		F5B76B3429E3CF630069CAA5 /* Roboto-Thin.ttf in Resources */ = {isa = PBXBuildFile; fileRef = F5B76B2829E3CF620069CAA5 /* Roboto-Thin.ttf */; };
		F5B76B3529E3CF630069CAA5 /* Roboto-ThinItalic.ttf in Resources */ = {isa = PBXBuildFile; fileRef = F5B76B2929E3CF620069CAA5 /* Roboto-ThinItalic.ttf */; };
		F5B76B3629E3CF630069CAA5 /* Roboto-BoldItalic.ttf in Resources */ = {isa = PBXBuildFile; fileRef = F5B76B2A29E3CF620069CAA5 /* Roboto-BoldItalic.ttf */; };
		F5B76B3729E3CF630069CAA5 /* Roboto-Italic.ttf in Resources */ = {isa = PBXBuildFile; fileRef = F5B76B2B29E3CF630069CAA5 /* Roboto-Italic.ttf */; };
		F5B76B3829E3CF630069CAA5 /* Roboto-Regular.ttf in Resources */ = {isa = PBXBuildFile; fileRef = F5B76B2C29E3CF630069CAA5 /* Roboto-Regular.ttf */; };
		F5B76B3929E3CF630069CAA5 /* Roboto-Medium.ttf in Resources */ = {isa = PBXBuildFile; fileRef = F5B76B2D29E3CF630069CAA5 /* Roboto-Medium.ttf */; };
		F5B76B3A29E3CF630069CAA5 /* Roboto-Bold.ttf in Resources */ = {isa = PBXBuildFile; fileRef = F5B76B2E29E3CF630069CAA5 /* Roboto-Bold.ttf */; };
		F5B76B3B29E3CF630069CAA5 /* Roboto-BlackItalic.ttf in Resources */ = {isa = PBXBuildFile; fileRef = F5B76B2F29E3CF630069CAA5 /* Roboto-BlackItalic.ttf */; };
		F5B76B3C29E3CF630069CAA5 /* Roboto-Light.ttf in Resources */ = {isa = PBXBuildFile; fileRef = F5B76B3029E3CF630069CAA5 /* Roboto-Light.ttf */; };
		F5B76B3F29E3D2060069CAA5 /* CustomIcons.swift in Sources */ = {isa = PBXBuildFile; fileRef = F5B76B3E29E3D2060069CAA5 /* CustomIcons.swift */; };
		F5B76B4129E3E0890069CAA5 /* RoundedCorner.swift in Sources */ = {isa = PBXBuildFile; fileRef = F5B76B4029E3E0890069CAA5 /* RoundedCorner.swift */; };
		F5E32900297E9E0C00E10E13 /* MyApp.swift in Sources */ = {isa = PBXBuildFile; fileRef = F5E328FF297E9E0C00E10E13 /* MyApp.swift */; };
		F5E32902297E9E0C00E10E13 /* ContentView.swift in Sources */ = {isa = PBXBuildFile; fileRef = F5E32901297E9E0C00E10E13 /* ContentView.swift */; };
		F5E32904297E9E0C00E10E13 /* Assets.xcassets in Resources */ = {isa = PBXBuildFile; fileRef = F5E32903297E9E0C00E10E13 /* Assets.xcassets */; };
		F5E32907297E9E0C00E10E13 /* PreviewAssets.xcassets in Resources */ = {isa = PBXBuildFile; fileRef = F5E32906297E9E0C00E10E13 /* PreviewAssets.xcassets */; };
		F5EA72AB2A6E684300C4DC68 /* TodoDetailScreen.swift in Sources */ = {isa = PBXBuildFile; fileRef = F5EA72AA2A6E684300C4DC68 /* TodoDetailScreen.swift */; };
		F5EA72AE2A6E6D8700C4DC68 /* Todo.swift in Sources */ = {isa = PBXBuildFile; fileRef = F5EA72AD2A6E6D8700C4DC68 /* Todo.swift */; };
/* End PBXBuildFile section */

/* Begin PBXFileReference section */
		F523AA4229D1B5F500977D41 /* CustomColors.swift */ = {isa = PBXFileReference; lastKnownFileType = sourcecode.swift; path = CustomColors.swift; sourceTree = "<group>"; };
		F53C888C2A126574009CDF64 /* CalculatorScreen.swift */ = {isa = PBXFileReference; lastKnownFileType = sourcecode.swift; path = CalculatorScreen.swift; sourceTree = "<group>"; };
		F5680B9629ECFEF900B292CC /* FoodFiaryScreen.swift */ = {isa = PBXFileReference; lastKnownFileType = sourcecode.swift; path = FoodFiaryScreen.swift; sourceTree = "<group>"; };
		F587140D2A6E4FEC00C8917C /* LoginScreen.swift */ = {isa = PBXFileReference; lastKnownFileType = sourcecode.swift; path = LoginScreen.swift; sourceTree = "<group>"; };
		F587140F2A6E4FF900C8917C /* RegisterScreen.swift */ = {isa = PBXFileReference; lastKnownFileType = sourcecode.swift; path = RegisterScreen.swift; sourceTree = "<group>"; };
		F58714192A6E510400C8917C /* AppFlowScreen.swift */ = {isa = PBXFileReference; lastKnownFileType = sourcecode.swift; path = AppFlowScreen.swift; sourceTree = "<group>"; };
		F587141B2A6E524800C8917C /* AuthFlowScreen.swift */ = {isa = PBXFileReference; lastKnownFileType = sourcecode.swift; path = AuthFlowScreen.swift; sourceTree = "<group>"; };
		F587141D2A6E525400C8917C /* MainFlowScreen.swift */ = {isa = PBXFileReference; lastKnownFileType = sourcecode.swift; path = MainFlowScreen.swift; sourceTree = "<group>"; };
		F587141F2A6E5CB200C8917C /* TodoListScreen.swift */ = {isa = PBXFileReference; lastKnownFileType = sourcecode.swift; path = TodoListScreen.swift; sourceTree = "<group>"; };
		F58714212A6E5CC300C8917C /* NewTodoScreen.swift */ = {isa = PBXFileReference; lastKnownFileType = sourcecode.swift; path = NewTodoScreen.swift; sourceTree = "<group>"; };
		F58714232A6E5CCC00C8917C /* DateListScreen.swift */ = {isa = PBXFileReference; lastKnownFileType = sourcecode.swift; path = DateListScreen.swift; sourceTree = "<group>"; };
		F58714252A6E5D0000C8917C /* TodayFlowScreen.swift */ = {isa = PBXFileReference; lastKnownFileType = sourcecode.swift; path = TodayFlowScreen.swift; sourceTree = "<group>"; };
		F58714272A6E5D1200C8917C /* HistoryFlowScreen.swift */ = {isa = PBXFileReference; lastKnownFileType = sourcecode.swift; path = HistoryFlowScreen.swift; sourceTree = "<group>"; };
		F58746BE29C831700059E3AA /* Ubuntu-Regular.ttf */ = {isa = PBXFileReference; lastKnownFileType = file; path = "Ubuntu-Regular.ttf"; sourceTree = "<group>"; };
		F58746C029C83B100059E3AA /* CustomFonts.swift */ = {isa = PBXFileReference; lastKnownFileType = sourcecode.swift; path = CustomFonts.swift; sourceTree = "<group>"; };
		F58746C229C843430059E3AA /* Ubuntu-Bold.ttf */ = {isa = PBXFileReference; lastKnownFileType = file; path = "Ubuntu-Bold.ttf"; sourceTree = "<group>"; };
		F58746C429C848390059E3AA /* Ubuntu-Italic.ttf */ = {isa = PBXFileReference; lastKnownFileType = file; path = "Ubuntu-Italic.ttf"; sourceTree = "<group>"; };
		F58746C629C8487E0059E3AA /* Ubuntu-BoldItalic.ttf */ = {isa = PBXFileReference; lastKnownFileType = file; path = "Ubuntu-BoldItalic.ttf"; sourceTree = "<group>"; };
		F5B76B1629E3CEC70069CAA5 /* MPLUSRounded1c-Bold.ttf */ = {isa = PBXFileReference; lastKnownFileType = file; path = "MPLUSRounded1c-Bold.ttf"; sourceTree = "<group>"; };
		F5B76B1729E3CEC70069CAA5 /* MPLUSRounded1c-Light.ttf */ = {isa = PBXFileReference; lastKnownFileType = file; path = "MPLUSRounded1c-Light.ttf"; sourceTree = "<group>"; };
		F5B76B1829E3CEC70069CAA5 /* MPLUSRounded1c-Regular.ttf */ = {isa = PBXFileReference; lastKnownFileType = file; path = "MPLUSRounded1c-Regular.ttf"; sourceTree = "<group>"; };
		F5B76B1929E3CEC70069CAA5 /* MPLUSRounded1c-Black.ttf */ = {isa = PBXFileReference; lastKnownFileType = file; path = "MPLUSRounded1c-Black.ttf"; sourceTree = "<group>"; };
		F5B76B1A29E3CEC70069CAA5 /* MPLUSRounded1c-Thin.ttf */ = {isa = PBXFileReference; lastKnownFileType = file; path = "MPLUSRounded1c-Thin.ttf"; sourceTree = "<group>"; };
		F5B76B1B29E3CEC80069CAA5 /* MPLUSRounded1c-ExtraBold.ttf */ = {isa = PBXFileReference; lastKnownFileType = file; path = "MPLUSRounded1c-ExtraBold.ttf"; sourceTree = "<group>"; };
		F5B76B1C29E3CEC80069CAA5 /* MPLUSRounded1c-Medium.ttf */ = {isa = PBXFileReference; lastKnownFileType = file; path = "MPLUSRounded1c-Medium.ttf"; sourceTree = "<group>"; };
		F5B76B2529E3CF620069CAA5 /* Roboto-Black.ttf */ = {isa = PBXFileReference; lastKnownFileType = file; path = "Roboto-Black.ttf"; sourceTree = "<group>"; };
		F5B76B2629E3CF620069CAA5 /* Roboto-LightItalic.ttf */ = {isa = PBXFileReference; lastKnownFileType = file; path = "Roboto-LightItalic.ttf"; sourceTree = "<group>"; };
		F5B76B2729E3CF620069CAA5 /* Roboto-MediumItalic.ttf */ = {isa = PBXFileReference; lastKnownFileType = file; path = "Roboto-MediumItalic.ttf"; sourceTree = "<group>"; };
		F5B76B2829E3CF620069CAA5 /* Roboto-Thin.ttf */ = {isa = PBXFileReference; lastKnownFileType = file; path = "Roboto-Thin.ttf"; sourceTree = "<group>"; };
		F5B76B2929E3CF620069CAA5 /* Roboto-ThinItalic.ttf */ = {isa = PBXFileReference; lastKnownFileType = file; path = "Roboto-ThinItalic.ttf"; sourceTree = "<group>"; };
		F5B76B2A29E3CF620069CAA5 /* Roboto-BoldItalic.ttf */ = {isa = PBXFileReference; lastKnownFileType = file; path = "Roboto-BoldItalic.ttf"; sourceTree = "<group>"; };
		F5B76B2B29E3CF630069CAA5 /* Roboto-Italic.ttf */ = {isa = PBXFileReference; lastKnownFileType = file; path = "Roboto-Italic.ttf"; sourceTree = "<group>"; };
		F5B76B2C29E3CF630069CAA5 /* Roboto-Regular.ttf */ = {isa = PBXFileReference; lastKnownFileType = file; path = "Roboto-Regular.ttf"; sourceTree = "<group>"; };
		F5B76B2D29E3CF630069CAA5 /* Roboto-Medium.ttf */ = {isa = PBXFileReference; lastKnownFileType = file; path = "Roboto-Medium.ttf"; sourceTree = "<group>"; };
		F5B76B2E29E3CF630069CAA5 /* Roboto-Bold.ttf */ = {isa = PBXFileReference; lastKnownFileType = file; path = "Roboto-Bold.ttf"; sourceTree = "<group>"; };
		F5B76B2F29E3CF630069CAA5 /* Roboto-BlackItalic.ttf */ = {isa = PBXFileReference; lastKnownFileType = file; path = "Roboto-BlackItalic.ttf"; sourceTree = "<group>"; };
		F5B76B3029E3CF630069CAA5 /* Roboto-Light.ttf */ = {isa = PBXFileReference; lastKnownFileType = file; path = "Roboto-Light.ttf"; sourceTree = "<group>"; };
		F5B76B3E29E3D2060069CAA5 /* CustomIcons.swift */ = {isa = PBXFileReference; lastKnownFileType = sourcecode.swift; path = CustomIcons.swift; sourceTree = "<group>"; };
		F5B76B4029E3E0890069CAA5 /* RoundedCorner.swift */ = {isa = PBXFileReference; lastKnownFileType = sourcecode.swift; path = RoundedCorner.swift; sourceTree = "<group>"; };
		F5E328FC297E9E0C00E10E13 /* BaseIosApp.app */ = {isa = PBXFileReference; explicitFileType = wrapper.application; includeInIndex = 0; path = BaseIosApp.app; sourceTree = BUILT_PRODUCTS_DIR; };
		F5E328FF297E9E0C00E10E13 /* MyApp.swift */ = {isa = PBXFileReference; lastKnownFileType = sourcecode.swift; path = MyApp.swift; sourceTree = "<group>"; };
		F5E32901297E9E0C00E10E13 /* ContentView.swift */ = {isa = PBXFileReference; lastKnownFileType = sourcecode.swift; path = ContentView.swift; sourceTree = "<group>"; };
		F5E32903297E9E0C00E10E13 /* Assets.xcassets */ = {isa = PBXFileReference; lastKnownFileType = folder.assetcatalog; path = Assets.xcassets; sourceTree = "<group>"; };
		F5E32906297E9E0C00E10E13 /* PreviewAssets.xcassets */ = {isa = PBXFileReference; lastKnownFileType = folder.assetcatalog; path = PreviewAssets.xcassets; sourceTree = "<group>"; };
		F5E3290D297EA60D00E10E13 /* Info.plist */ = {isa = PBXFileReference; lastKnownFileType = text.plist.xml; path = Info.plist; sourceTree = "<group>"; };
		F5EA72AA2A6E684300C4DC68 /* TodoDetailScreen.swift */ = {isa = PBXFileReference; lastKnownFileType = sourcecode.swift; path = TodoDetailScreen.swift; sourceTree = "<group>"; };
		F5EA72AD2A6E6D8700C4DC68 /* Todo.swift */ = {isa = PBXFileReference; lastKnownFileType = sourcecode.swift; path = Todo.swift; sourceTree = "<group>"; };
/* End PBXFileReference section */

/* Begin PBXFrameworksBuildPhase section */
		F5E328F9297E9E0C00E10E13 /* Frameworks */ = {
			isa = PBXFrameworksBuildPhase;
			buildActionMask = 2147483647;
			files = (
			);
			runOnlyForDeploymentPostprocessing = 0;
		};
/* End PBXFrameworksBuildPhase section */

/* Begin PBXGroup section */
		F523AA4129D1B5BC00977D41 /* Colors */ = {
			isa = PBXGroup;
			children = (
				F523AA4229D1B5F500977D41 /* CustomColors.swift */,
			);
			path = Colors;
			sourceTree = "<group>";
		};
		F5680B9429ECFE3E00B292CC /* UI */ = {
			isa = PBXGroup;
			children = (
				F5680B9529ECFE6A00B292CC /* Screens */,
			);
			path = UI;
			sourceTree = "<group>";
		};
		F5680B9529ECFE6A00B292CC /* Screens */ = {
			isa = PBXGroup;
			children = (
				F587140A2A6E4FC200C8917C /* Todo */,
				F5680B9629ECFEF900B292CC /* FoodFiaryScreen.swift */,
				F53C888C2A126574009CDF64 /* CalculatorScreen.swift */,
			);
			path = Screens;
			sourceTree = "<group>";
		};
		F587140A2A6E4FC200C8917C /* Todo */ = {
			isa = PBXGroup;
			children = (
				F5EA72B22A6EAD0900C4DC68 /* Flow */,
				F587140D2A6E4FEC00C8917C /* LoginScreen.swift */,
				F587140F2A6E4FF900C8917C /* RegisterScreen.swift */,
				F5EA72AA2A6E684300C4DC68 /* TodoDetailScreen.swift */,
				F587141F2A6E5CB200C8917C /* TodoListScreen.swift */,
				F58714212A6E5CC300C8917C /* NewTodoScreen.swift */,
				F58714232A6E5CCC00C8917C /* DateListScreen.swift */,
				F58714192A6E510400C8917C /* AppFlowScreen.swift */,
			);
			path = Todo;
			sourceTree = "<group>";
		};
		F58746BB29C82EB40059E3AA /* Fonts */ = {
			isa = PBXGroup;
			children = (
				F5B76B2429E3CF580069CAA5 /* Roboto */,
				F5B76B1529E3CEBD0069CAA5 /* MPLUSRounded1c */,
				F5B76B1429E3CEAA0069CAA5 /* Ubuntu */,
				F58746C029C83B100059E3AA /* CustomFonts.swift */,
			);
			path = Fonts;
			sourceTree = "<group>";
		};
		F5B76B1429E3CEAA0069CAA5 /* Ubuntu */ = {
			isa = PBXGroup;
			children = (
				F58746BE29C831700059E3AA /* Ubuntu-Regular.ttf */,
				F58746C229C843430059E3AA /* Ubuntu-Bold.ttf */,
				F58746C429C848390059E3AA /* Ubuntu-Italic.ttf */,
				F58746C629C8487E0059E3AA /* Ubuntu-BoldItalic.ttf */,
			);
			path = Ubuntu;
			sourceTree = "<group>";
		};
		F5B76B1529E3CEBD0069CAA5 /* MPLUSRounded1c */ = {
			isa = PBXGroup;
			children = (
				F5B76B1929E3CEC70069CAA5 /* MPLUSRounded1c-Black.ttf */,
				F5B76B1629E3CEC70069CAA5 /* MPLUSRounded1c-Bold.ttf */,
				F5B76B1B29E3CEC80069CAA5 /* MPLUSRounded1c-ExtraBold.ttf */,
				F5B76B1729E3CEC70069CAA5 /* MPLUSRounded1c-Light.ttf */,
				F5B76B1C29E3CEC80069CAA5 /* MPLUSRounded1c-Medium.ttf */,
				F5B76B1829E3CEC70069CAA5 /* MPLUSRounded1c-Regular.ttf */,
				F5B76B1A29E3CEC70069CAA5 /* MPLUSRounded1c-Thin.ttf */,
			);
			path = MPLUSRounded1c;
			sourceTree = "<group>";
		};
		F5B76B2429E3CF580069CAA5 /* Roboto */ = {
			isa = PBXGroup;
			children = (
				F5B76B2529E3CF620069CAA5 /* Roboto-Black.ttf */,
				F5B76B2F29E3CF630069CAA5 /* Roboto-BlackItalic.ttf */,
				F5B76B2E29E3CF630069CAA5 /* Roboto-Bold.ttf */,
				F5B76B2A29E3CF620069CAA5 /* Roboto-BoldItalic.ttf */,
				F5B76B2B29E3CF630069CAA5 /* Roboto-Italic.ttf */,
				F5B76B3029E3CF630069CAA5 /* Roboto-Light.ttf */,
				F5B76B2629E3CF620069CAA5 /* Roboto-LightItalic.ttf */,
				F5B76B2D29E3CF630069CAA5 /* Roboto-Medium.ttf */,
				F5B76B2729E3CF620069CAA5 /* Roboto-MediumItalic.ttf */,
				F5B76B2C29E3CF630069CAA5 /* Roboto-Regular.ttf */,
				F5B76B2829E3CF620069CAA5 /* Roboto-Thin.ttf */,
				F5B76B2929E3CF620069CAA5 /* Roboto-ThinItalic.ttf */,
			);
			path = Roboto;
			sourceTree = "<group>";
		};
		F5B76B3D29E3D1F40069CAA5 /* Icons */ = {
			isa = PBXGroup;
			children = (
				F5B76B3E29E3D2060069CAA5 /* CustomIcons.swift */,
			);
			path = Icons;
			sourceTree = "<group>";
		};
		F5E328F3297E9E0C00E10E13 = {
			isa = PBXGroup;
			children = (
				F5E328FE297E9E0C00E10E13 /* BaseIosApp */,
				F5E328FD297E9E0C00E10E13 /* Products */,
			);
			sourceTree = "<group>";
		};
		F5E328FD297E9E0C00E10E13 /* Products */ = {
			isa = PBXGroup;
			children = (
				F5E328FC297E9E0C00E10E13 /* BaseIosApp.app */,
			);
			name = Products;
			sourceTree = "<group>";
		};
		F5E328FE297E9E0C00E10E13 /* BaseIosApp */ = {
			isa = PBXGroup;
			children = (
				F5E32ABB2987981900E10E13 /* App */,
				F5E32ABC2987982A00E10E13 /* Configuration */,
				F5E32ABD2987983500E10E13 /* Resources */,
			);
			path = BaseIosApp;
			sourceTree = "<group>";
		};
		F5E32905297E9E0C00E10E13 /* PreviewContent */ = {
			isa = PBXGroup;
			children = (
				F5E32906297E9E0C00E10E13 /* PreviewAssets.xcassets */,
			);
			path = PreviewContent;
			sourceTree = "<group>";
		};
		F5E32ABB2987981900E10E13 /* App */ = {
			isa = PBXGroup;
			children = (
				F5EA72AC2A6E6D7B00C4DC68 /* Entity */,
				F5680B9429ECFE3E00B292CC /* UI */,
				F5E328FF297E9E0C00E10E13 /* MyApp.swift */,
				F5E32901297E9E0C00E10E13 /* ContentView.swift */,
				F5B76B4029E3E0890069CAA5 /* RoundedCorner.swift */,
			);
			path = App;
			sourceTree = "<group>";
		};
		F5E32ABC2987982A00E10E13 /* Configuration */ = {
			isa = PBXGroup;
			children = (
				F5E3290D297EA60D00E10E13 /* Info.plist */,
			);
			path = Configuration;
			sourceTree = "<group>";
		};
		F5E32ABD2987983500E10E13 /* Resources */ = {
			isa = PBXGroup;
			children = (
				F5B76B3D29E3D1F40069CAA5 /* Icons */,
				F523AA4129D1B5BC00977D41 /* Colors */,
				F58746BB29C82EB40059E3AA /* Fonts */,
				F5E32903297E9E0C00E10E13 /* Assets.xcassets */,
				F5E32905297E9E0C00E10E13 /* PreviewContent */,
			);
			path = Resources;
			sourceTree = "<group>";
		};
		F5EA72AC2A6E6D7B00C4DC68 /* Entity */ = {
			isa = PBXGroup;
			children = (
				F5EA72AD2A6E6D8700C4DC68 /* Todo.swift */,
			);
			path = Entity;
			sourceTree = "<group>";
		};
		F5EA72B22A6EAD0900C4DC68 /* Flow */ = {
			isa = PBXGroup;
			children = (
				F587141B2A6E524800C8917C /* AuthFlowScreen.swift */,
				F587141D2A6E525400C8917C /* MainFlowScreen.swift */,
				F58714252A6E5D0000C8917C /* TodayFlowScreen.swift */,
				F58714272A6E5D1200C8917C /* HistoryFlowScreen.swift */,
			);
			path = Flow;
			sourceTree = "<group>";
		};
/* End PBXGroup section */

/* Begin PBXNativeTarget section */
		F5E328FB297E9E0C00E10E13 /* BaseIosApp */ = {
			isa = PBXNativeTarget;
			buildConfigurationList = F5E3290A297E9E0C00E10E13 /* Build configuration list for PBXNativeTarget "BaseIosApp" */;
			buildPhases = (
				F5E328F8297E9E0C00E10E13 /* Sources */,
				F5E328F9297E9E0C00E10E13 /* Frameworks */,
				F5E328FA297E9E0C00E10E13 /* Resources */,
			);
			buildRules = (
			);
			dependencies = (
			);
			name = BaseIosApp;
			productName = BaseIosApp;
			productReference = F5E328FC297E9E0C00E10E13 /* BaseIosApp.app */;
			productType = "com.apple.product-type.application";
		};
/* End PBXNativeTarget section */

/* Begin PBXProject section */
		F5E328F4297E9E0C00E10E13 /* Project object */ = {
			isa = PBXProject;
			attributes = {
				BuildIndependentTargetsInParallel = 1;
				LastSwiftUpdateCheck = 1410;
				LastUpgradeCheck = 1410;
				TargetAttributes = {
					F5E328FB297E9E0C00E10E13 = {
						CreatedOnToolsVersion = 14.1;
					};
				};
			};
			buildConfigurationList = F5E328F7297E9E0C00E10E13 /* Build configuration list for PBXProject "BaseIosApp" */;
			compatibilityVersion = "Xcode 14.0";
			developmentRegion = en;
			hasScannedForEncodings = 0;
			knownRegions = (
				en,
				Base,
				ru,
			);
			mainGroup = F5E328F3297E9E0C00E10E13;
			productRefGroup = F5E328FD297E9E0C00E10E13 /* Products */;
			projectDirPath = "";
			projectRoot = "";
			targets = (
				F5E328FB297E9E0C00E10E13 /* BaseIosApp */,
			);
		};
/* End PBXProject section */

/* Begin PBXResourcesBuildPhase section */
		F5E328FA297E9E0C00E10E13 /* Resources */ = {
			isa = PBXResourcesBuildPhase;
			buildActionMask = 2147483647;
			files = (
				F58746C329C843430059E3AA /* Ubuntu-Bold.ttf in Resources */,
				F5B76B2329E3CECF0069CAA5 /* MPLUSRounded1c-Bold.ttf in Resources */,
				F5B76B3A29E3CF630069CAA5 /* Roboto-Bold.ttf in Resources */,
				F5B76B3429E3CF630069CAA5 /* Roboto-Thin.ttf in Resources */,
				F5B76B3229E3CF630069CAA5 /* Roboto-LightItalic.ttf in Resources */,
				F58746BF29C831700059E3AA /* Ubuntu-Regular.ttf in Resources */,
				F5B76B1F29E3CECF0069CAA5 /* MPLUSRounded1c-ExtraBold.ttf in Resources */,
				F5B76B3B29E3CF630069CAA5 /* Roboto-BlackItalic.ttf in Resources */,
				F5B76B3529E3CF630069CAA5 /* Roboto-ThinItalic.ttf in Resources */,
				F58746C729C8487E0059E3AA /* Ubuntu-BoldItalic.ttf in Resources */,
				F5B76B3929E3CF630069CAA5 /* Roboto-Medium.ttf in Resources */,
				F5B76B2129E3CECF0069CAA5 /* MPLUSRounded1c-Thin.ttf in Resources */,
				F5B76B3C29E3CF630069CAA5 /* Roboto-Light.ttf in Resources */,
				F5E32907297E9E0C00E10E13 /* PreviewAssets.xcassets in Resources */,
				F5B76B2029E3CECF0069CAA5 /* MPLUSRounded1c-Medium.ttf in Resources */,
				F5B76B1E29E3CECF0069CAA5 /* MPLUSRounded1c-Black.ttf in Resources */,
				F5B76B3629E3CF630069CAA5 /* Roboto-BoldItalic.ttf in Resources */,
				F5B76B1D29E3CECF0069CAA5 /* MPLUSRounded1c-Regular.ttf in Resources */,
				F58746C529C848390059E3AA /* Ubuntu-Italic.ttf in Resources */,
				F5B76B3829E3CF630069CAA5 /* Roboto-Regular.ttf in Resources */,
				F5B76B3329E3CF630069CAA5 /* Roboto-MediumItalic.ttf in Resources */,
				F5B76B3129E3CF630069CAA5 /* Roboto-Black.ttf in Resources */,
				F5B76B3729E3CF630069CAA5 /* Roboto-Italic.ttf in Resources */,
				F5E32904297E9E0C00E10E13 /* Assets.xcassets in Resources */,
				F5B76B2229E3CECF0069CAA5 /* MPLUSRounded1c-Light.ttf in Resources */,
			);
			runOnlyForDeploymentPostprocessing = 0;
		};
/* End PBXResourcesBuildPhase section */

/* Begin PBXSourcesBuildPhase section */
		F5E328F8297E9E0C00E10E13 /* Sources */ = {
			isa = PBXSourcesBuildPhase;
			buildActionMask = 2147483647;
			files = (
				F587141A2A6E510400C8917C /* AppFlowScreen.swift in Sources */,
				F58746C129C83B100059E3AA /* CustomFonts.swift in Sources */,
				F5B76B4129E3E0890069CAA5 /* RoundedCorner.swift in Sources */,
				F5E32902297E9E0C00E10E13 /* ContentView.swift in Sources */,
				F53C888D2A126574009CDF64 /* CalculatorScreen.swift in Sources */,
				F58714222A6E5CC300C8917C /* NewTodoScreen.swift in Sources */,
				F523AA4329D1B5F500977D41 /* CustomColors.swift in Sources */,
				F5E32900297E9E0C00E10E13 /* MyApp.swift in Sources */,
				F58714262A6E5D0000C8917C /* TodayFlowScreen.swift in Sources */,
				F58714102A6E4FF900C8917C /* RegisterScreen.swift in Sources */,
				F58714242A6E5CCC00C8917C /* DateListScreen.swift in Sources */,
				F58714202A6E5CB200C8917C /* TodoListScreen.swift in Sources */,
				F58714282A6E5D1200C8917C /* HistoryFlowScreen.swift in Sources */,
				F587141E2A6E525400C8917C /* MainFlowScreen.swift in Sources */,
				F5B76B3F29E3D2060069CAA5 /* CustomIcons.swift in Sources */,
				F587141C2A6E524800C8917C /* AuthFlowScreen.swift in Sources */,
				F5680B9729ECFEF900B292CC /* FoodFiaryScreen.swift in Sources */,
				F587140E2A6E4FEC00C8917C /* LoginScreen.swift in Sources */,
				F5EA72AB2A6E684300C4DC68 /* TodoDetailScreen.swift in Sources */,
				F5EA72AE2A6E6D8700C4DC68 /* Todo.swift in Sources */,
			);
			runOnlyForDeploymentPostprocessing = 0;
		};
/* End PBXSourcesBuildPhase section */

/* Begin XCBuildConfiguration section */
		F5E32908297E9E0C00E10E13 /* Debug */ = {
			isa = XCBuildConfiguration;
			buildSettings = {
				ALWAYS_SEARCH_USER_PATHS = NO;
				CLANG_ANALYZER_NONNULL = YES;
				CLANG_ANALYZER_NUMBER_OBJECT_CONVERSION = YES_AGGRESSIVE;
				CLANG_CXX_LANGUAGE_STANDARD = "gnu++20";
				CLANG_ENABLE_MODULES = YES;
				CLANG_ENABLE_OBJC_ARC = YES;
				CLANG_ENABLE_OBJC_WEAK = YES;
				CLANG_WARN_BLOCK_CAPTURE_AUTORELEASING = YES;
				CLANG_WARN_BOOL_CONVERSION = YES;
				CLANG_WARN_COMMA = YES;
				CLANG_WARN_CONSTANT_CONVERSION = YES;
				CLANG_WARN_DEPRECATED_OBJC_IMPLEMENTATIONS = YES;
				CLANG_WARN_DIRECT_OBJC_ISA_USAGE = YES_ERROR;
				CLANG_WARN_DOCUMENTATION_COMMENTS = YES;
				CLANG_WARN_EMPTY_BODY = YES;
				CLANG_WARN_ENUM_CONVERSION = YES;
				CLANG_WARN_INFINITE_RECURSION = YES;
				CLANG_WARN_INT_CONVERSION = YES;
				CLANG_WARN_NON_LITERAL_NULL_CONVERSION = YES;
				CLANG_WARN_OBJC_IMPLICIT_RETAIN_SELF = YES;
				CLANG_WARN_OBJC_LITERAL_CONVERSION = YES;
				CLANG_WARN_OBJC_ROOT_CLASS = YES_ERROR;
				CLANG_WARN_QUOTED_INCLUDE_IN_FRAMEWORK_HEADER = YES;
				CLANG_WARN_RANGE_LOOP_ANALYSIS = YES;
				CLANG_WARN_STRICT_PROTOTYPES = YES;
				CLANG_WARN_SUSPICIOUS_MOVE = YES;
				CLANG_WARN_UNGUARDED_AVAILABILITY = YES_AGGRESSIVE;
				CLANG_WARN_UNREACHABLE_CODE = YES;
				CLANG_WARN__DUPLICATE_METHOD_MATCH = YES;
				COPY_PHASE_STRIP = NO;
				DEBUG_INFORMATION_FORMAT = dwarf;
				ENABLE_STRICT_OBJC_MSGSEND = YES;
				ENABLE_TESTABILITY = YES;
				GCC_C_LANGUAGE_STANDARD = gnu11;
				GCC_DYNAMIC_NO_PIC = NO;
				GCC_NO_COMMON_BLOCKS = YES;
				GCC_OPTIMIZATION_LEVEL = 0;
				GCC_PREPROCESSOR_DEFINITIONS = (
					"DEBUG=1",
					"$(inherited)",
				);
				GCC_WARN_64_TO_32_BIT_CONVERSION = YES;
				GCC_WARN_ABOUT_RETURN_TYPE = YES_ERROR;
				GCC_WARN_UNDECLARED_SELECTOR = YES;
				GCC_WARN_UNINITIALIZED_AUTOS = YES_AGGRESSIVE;
				GCC_WARN_UNUSED_FUNCTION = YES;
				GCC_WARN_UNUSED_VARIABLE = YES;
				IPHONEOS_DEPLOYMENT_TARGET = 16.1;
				MTL_ENABLE_DEBUG_INFO = INCLUDE_SOURCE;
				MTL_FAST_MATH = YES;
				ONLY_ACTIVE_ARCH = YES;
				SDKROOT = iphoneos;
				SWIFT_ACTIVE_COMPILATION_CONDITIONS = DEBUG;
				SWIFT_OPTIMIZATION_LEVEL = "-Onone";
			};
			name = Debug;
		};
		F5E32909297E9E0C00E10E13 /* Release */ = {
			isa = XCBuildConfiguration;
			buildSettings = {
				ALWAYS_SEARCH_USER_PATHS = NO;
				CLANG_ANALYZER_NONNULL = YES;
				CLANG_ANALYZER_NUMBER_OBJECT_CONVERSION = YES_AGGRESSIVE;
				CLANG_CXX_LANGUAGE_STANDARD = "gnu++20";
				CLANG_ENABLE_MODULES = YES;
				CLANG_ENABLE_OBJC_ARC = YES;
				CLANG_ENABLE_OBJC_WEAK = YES;
				CLANG_WARN_BLOCK_CAPTURE_AUTORELEASING = YES;
				CLANG_WARN_BOOL_CONVERSION = YES;
				CLANG_WARN_COMMA = YES;
				CLANG_WARN_CONSTANT_CONVERSION = YES;
				CLANG_WARN_DEPRECATED_OBJC_IMPLEMENTATIONS = YES;
				CLANG_WARN_DIRECT_OBJC_ISA_USAGE = YES_ERROR;
				CLANG_WARN_DOCUMENTATION_COMMENTS = YES;
				CLANG_WARN_EMPTY_BODY = YES;
				CLANG_WARN_ENUM_CONVERSION = YES;
				CLANG_WARN_INFINITE_RECURSION = YES;
				CLANG_WARN_INT_CONVERSION = YES;
				CLANG_WARN_NON_LITERAL_NULL_CONVERSION = YES;
				CLANG_WARN_OBJC_IMPLICIT_RETAIN_SELF = YES;
				CLANG_WARN_OBJC_LITERAL_CONVERSION = YES;
				CLANG_WARN_OBJC_ROOT_CLASS = YES_ERROR;
				CLANG_WARN_QUOTED_INCLUDE_IN_FRAMEWORK_HEADER = YES;
				CLANG_WARN_RANGE_LOOP_ANALYSIS = YES;
				CLANG_WARN_STRICT_PROTOTYPES = YES;
				CLANG_WARN_SUSPICIOUS_MOVE = YES;
				CLANG_WARN_UNGUARDED_AVAILABILITY = YES_AGGRESSIVE;
				CLANG_WARN_UNREACHABLE_CODE = YES;
				CLANG_WARN__DUPLICATE_METHOD_MATCH = YES;
				COPY_PHASE_STRIP = NO;
				DEBUG_INFORMATION_FORMAT = "dwarf-with-dsym";
				ENABLE_NS_ASSERTIONS = NO;
				ENABLE_STRICT_OBJC_MSGSEND = YES;
				GCC_C_LANGUAGE_STANDARD = gnu11;
				GCC_NO_COMMON_BLOCKS = YES;
				GCC_WARN_64_TO_32_BIT_CONVERSION = YES;
				GCC_WARN_ABOUT_RETURN_TYPE = YES_ERROR;
				GCC_WARN_UNDECLARED_SELECTOR = YES;
				GCC_WARN_UNINITIALIZED_AUTOS = YES_AGGRESSIVE;
				GCC_WARN_UNUSED_FUNCTION = YES;
				GCC_WARN_UNUSED_VARIABLE = YES;
				IPHONEOS_DEPLOYMENT_TARGET = 16.1;
				MTL_ENABLE_DEBUG_INFO = NO;
				MTL_FAST_MATH = YES;
				SDKROOT = iphoneos;
				SWIFT_COMPILATION_MODE = wholemodule;
				SWIFT_OPTIMIZATION_LEVEL = "-O";
				VALIDATE_PRODUCT = YES;
			};
			name = Release;
		};
		F5E3290B297E9E0C00E10E13 /* Debug */ = {
			isa = XCBuildConfiguration;
			buildSettings = {
				ASSETCATALOG_COMPILER_APPICON_NAME = AppIcon;
				ASSETCATALOG_COMPILER_GLOBAL_ACCENT_COLOR_NAME = AccentColor;
				CODE_SIGN_IDENTITY = "Apple Development";
				CODE_SIGN_STYLE = Automatic;
				CURRENT_PROJECT_VERSION = 1;
				DEVELOPMENT_ASSET_PATHS = "\"BaseIosApp/Resources/PreviewContent\"";
				DEVELOPMENT_TEAM = GMD7EK7S94;
				ENABLE_PREVIEWS = YES;
				GENERATE_INFOPLIST_FILE = YES;
				INFOPLIST_FILE = BaseIosApp/Configuration/Info.plist;
				INFOPLIST_KEY_CFBundleDisplayName = "";
				INFOPLIST_KEY_LSApplicationCategoryType = "public.app-category.news";
				INFOPLIST_KEY_UIApplicationSceneManifest_Generation = YES;
				INFOPLIST_KEY_UIApplicationSupportsIndirectInputEvents = YES;
				INFOPLIST_KEY_UILaunchScreen_Generation = YES;
				INFOPLIST_KEY_UIRequiresFullScreen = NO;
				INFOPLIST_KEY_UIStatusBarStyle = "";
				INFOPLIST_KEY_UISupportedInterfaceOrientations = "UIInterfaceOrientationLandscapeRight UIInterfaceOrientationPortrait UIInterfaceOrientationPortraitUpsideDown";
				INFOPLIST_KEY_UISupportedInterfaceOrientations_iPad = "UIInterfaceOrientationLandscapeLeft UIInterfaceOrientationLandscapeRight UIInterfaceOrientationPortrait UIInterfaceOrientationPortraitUpsideDown";
				IPHONEOS_DEPLOYMENT_TARGET = 16.4;
				LD_RUNPATH_SEARCH_PATHS = (
					"$(inherited)",
					"@executable_path/Frameworks",
				);
				MARKETING_VERSION = 1.0;
				PRODUCT_BUNDLE_IDENTIFIER = academy.lazyload.BaseIosApp;
				PRODUCT_NAME = "$(TARGET_NAME)";
				PROVISIONING_PROFILE_SPECIFIER = "";
				SWIFT_EMIT_LOC_STRINGS = YES;
				SWIFT_VERSION = 5.0;
				TARGETED_DEVICE_FAMILY = "1,2";
			};
			name = Debug;
		};
		F5E3290C297E9E0C00E10E13 /* Release */ = {
			isa = XCBuildConfiguration;
			buildSettings = {
				ASSETCATALOG_COMPILER_APPICON_NAME = AppIcon;
				ASSETCATALOG_COMPILER_GLOBAL_ACCENT_COLOR_NAME = AccentColor;
				CODE_SIGN_IDENTITY = "Apple Development";
				CODE_SIGN_STYLE = Automatic;
				CURRENT_PROJECT_VERSION = 1;
				DEVELOPMENT_ASSET_PATHS = "\"BaseIosApp/Resources/PreviewContent\"";
				DEVELOPMENT_TEAM = GMD7EK7S94;
				ENABLE_PREVIEWS = YES;
				GENERATE_INFOPLIST_FILE = YES;
				INFOPLIST_FILE = BaseIosApp/Configuration/Info.plist;
				INFOPLIST_KEY_CFBundleDisplayName = "";
				INFOPLIST_KEY_LSApplicationCategoryType = "public.app-category.news";
				INFOPLIST_KEY_UIApplicationSceneManifest_Generation = YES;
				INFOPLIST_KEY_UIApplicationSupportsIndirectInputEvents = YES;
				INFOPLIST_KEY_UILaunchScreen_Generation = YES;
				INFOPLIST_KEY_UIRequiresFullScreen = NO;
				INFOPLIST_KEY_UIStatusBarStyle = "";
				INFOPLIST_KEY_UISupportedInterfaceOrientations = "UIInterfaceOrientationLandscapeRight UIInterfaceOrientationPortrait UIInterfaceOrientationPortraitUpsideDown";
				INFOPLIST_KEY_UISupportedInterfaceOrientations_iPad = "UIInterfaceOrientationLandscapeLeft UIInterfaceOrientationLandscapeRight UIInterfaceOrientationPortrait UIInterfaceOrientationPortraitUpsideDown";
				IPHONEOS_DEPLOYMENT_TARGET = 16.4;
				LD_RUNPATH_SEARCH_PATHS = (
					"$(inherited)",
					"@executable_path/Frameworks",
				);
				MARKETING_VERSION = 1.0;
				PRODUCT_BUNDLE_IDENTIFIER = academy.lazyload.BaseIosApp;
				PRODUCT_NAME = "$(TARGET_NAME)";
				PROVISIONING_PROFILE_SPECIFIER = "";
				SWIFT_EMIT_LOC_STRINGS = YES;
				SWIFT_VERSION = 5.0;
				TARGETED_DEVICE_FAMILY = "1,2";
			};
			name = Release;
		};
/* End XCBuildConfiguration section */

/* Begin XCConfigurationList section */
		F5E328F7297E9E0C00E10E13 /* Build configuration list for PBXProject "BaseIosApp" */ = {
			isa = XCConfigurationList;
			buildConfigurations = (
				F5E32908297E9E0C00E10E13 /* Debug */,
				F5E32909297E9E0C00E10E13 /* Release */,
			);
			defaultConfigurationIsVisible = 0;
			defaultConfigurationName = Release;
		};
		F5E3290A297E9E0C00E10E13 /* Build configuration list for PBXNativeTarget "BaseIosApp" */ = {
			isa = XCConfigurationList;
			buildConfigurations = (
				F5E3290B297E9E0C00E10E13 /* Debug */,
				F5E3290C297E9E0C00E10E13 /* Release */,
			);
			defaultConfigurationIsVisible = 0;
			defaultConfigurationName = Release;
		};
/* End XCConfigurationList section */
	};
	rootObject = F5E328F4297E9E0C00E10E13 /* Project object */;
}
